// !$*UTF8*$!
{
	archiveVersion = 1;
	classes = {
	};
	objectVersion = 56;
	objects = {

/* Begin PBXBuildFile section */
		33096C3E2BF2BDAD00F5D5E6 /* GoogleService-Info.plist in Resources */ = {isa = PBXBuildFile; fileRef = 33096C3D2BF2BDAD00F5D5E6 /* GoogleService-Info.plist */; };
		337797842C122EB000E661E5 /* MenuTableViewCell.swift in Sources */ = {isa = PBXBuildFile; fileRef = 337797832C122EB000E661E5 /* MenuTableViewCell.swift */; };
		337797862C122F9500E661E5 /* MenuCellScreen.swift in Sources */ = {isa = PBXBuildFile; fileRef = 337797852C122F9500E661E5 /* MenuCellScreen.swift */; };
		337797892C1233A800E661E5 /* Menu.swift in Sources */ = {isa = PBXBuildFile; fileRef = 337797882C1233A800E661E5 /* Menu.swift */; };
		338916602BFFC80500C5B75E /* Alert.swift in Sources */ = {isa = PBXBuildFile; fileRef = 3389165F2BFFC80500C5B75E /* Alert.swift */; };
		33A0B9ED2C060A970024761F /* TabBarViewController.swift in Sources */ = {isa = PBXBuildFile; fileRef = 33A0B9EC2C060A970024761F /* TabBarViewController.swift */; };
		33A0B9F02C06819B0024761F /* MoviesViewTableViewCell.swift in Sources */ = {isa = PBXBuildFile; fileRef = 33A0B9EF2C06819B0024761F /* MoviesViewTableViewCell.swift */; };
		33A0B9F32C06893E0024761F /* MovieCellScreen.swift in Sources */ = {isa = PBXBuildFile; fileRef = 33A0B9F22C06893E0024761F /* MovieCellScreen.swift */; };
		33A0B9F62C0A17D70024761F /* Movie.swift in Sources */ = {isa = PBXBuildFile; fileRef = 33A0B9F52C0A17D70024761F /* Movie.swift */; };
		33A4C4A72BEE71930035F540 /* RegisterViewController.swift in Sources */ = {isa = PBXBuildFile; fileRef = 33A4C4A62BEE71930035F540 /* RegisterViewController.swift */; };
		33A4C4A92BEE71AB0035F540 /* RegisterScreen.swift in Sources */ = {isa = PBXBuildFile; fileRef = 33A4C4A82BEE71AB0035F540 /* RegisterScreen.swift */; };
		33A658E32C0FA7D600A60536 /* MenuViewController.swift in Sources */ = {isa = PBXBuildFile; fileRef = 33A658E22C0FA7D600A60536 /* MenuViewController.swift */; };
		33A658E62C0FA82800A60536 /* MenuScreen.swift in Sources */ = {isa = PBXBuildFile; fileRef = 33A658E52C0FA82800A60536 /* MenuScreen.swift */; };
		33B2DE472BEABAFB00A8D32A /* LoginScreen.swift in Sources */ = {isa = PBXBuildFile; fileRef = 33B2DE462BEABAFB00A8D32A /* LoginScreen.swift */; };
		33B2DE4A2BEABB4700A8D32A /* LoginViewController.swift in Sources */ = {isa = PBXBuildFile; fileRef = 33B2DE492BEABB4700A8D32A /* LoginViewController.swift */; };
		33B68A962BEA5E9A004E51B5 /* AppDelegate.swift in Sources */ = {isa = PBXBuildFile; fileRef = 33B68A952BEA5E9A004E51B5 /* AppDelegate.swift */; };
		33B68A982BEA5E9A004E51B5 /* SceneDelegate.swift in Sources */ = {isa = PBXBuildFile; fileRef = 33B68A972BEA5E9A004E51B5 /* SceneDelegate.swift */; };
		33B68A9F2BEA5E9C004E51B5 /* Assets.xcassets in Resources */ = {isa = PBXBuildFile; fileRef = 33B68A9E2BEA5E9C004E51B5 /* Assets.xcassets */; };
		33B68AA22BEA5E9C004E51B5 /* LaunchScreen.storyboard in Resources */ = {isa = PBXBuildFile; fileRef = 33B68AA02BEA5E9C004E51B5 /* LaunchScreen.storyboard */; };
		33B68AAB2BEA79BF004E51B5 /* SplashViewController.swift in Sources */ = {isa = PBXBuildFile; fileRef = 33B68AAA2BEA79BF004E51B5 /* SplashViewController.swift */; };
		33B68AAE2BEA79FA004E51B5 /* SplashScreen.swift in Sources */ = {isa = PBXBuildFile; fileRef = 33B68AAD2BEA79FA004E51B5 /* SplashScreen.swift */; };
		33FCB7092C05157400ECF113 /* HomeViewController.swift in Sources */ = {isa = PBXBuildFile; fileRef = 33FCB7082C05157400ECF113 /* HomeViewController.swift */; };
		33FCB70B2C05159100ECF113 /* HomeScreen.swift in Sources */ = {isa = PBXBuildFile; fileRef = 33FCB70A2C05159100ECF113 /* HomeScreen.swift */; };
		50A45886FAB8490CC79F822B /* Pods_Cinetopia.framework in Frameworks */ = {isa = PBXBuildFile; fileRef = 899F6E45B340B5A3B2583056 /* Pods_Cinetopia.framework */; };
/* End PBXBuildFile section */

/* Begin PBXFileReference section */
		131E9679691F9F810DDE6ED6 /* Pods-Cinetopia.debug.xcconfig */ = {isa = PBXFileReference; includeInIndex = 1; lastKnownFileType = text.xcconfig; name = "Pods-Cinetopia.debug.xcconfig"; path = "Target Support Files/Pods-Cinetopia/Pods-Cinetopia.debug.xcconfig"; sourceTree = "<group>"; };
		33096C3D2BF2BDAD00F5D5E6 /* GoogleService-Info.plist */ = {isa = PBXFileReference; fileEncoding = 4; lastKnownFileType = text.plist.xml; path = "GoogleService-Info.plist"; sourceTree = "<group>"; };
		337797832C122EB000E661E5 /* MenuTableViewCell.swift */ = {isa = PBXFileReference; lastKnownFileType = sourcecode.swift; path = MenuTableViewCell.swift; sourceTree = "<group>"; };
		337797852C122F9500E661E5 /* MenuCellScreen.swift */ = {isa = PBXFileReference; lastKnownFileType = sourcecode.swift; path = MenuCellScreen.swift; sourceTree = "<group>"; };
		337797882C1233A800E661E5 /* Menu.swift */ = {isa = PBXFileReference; lastKnownFileType = sourcecode.swift; path = Menu.swift; sourceTree = "<group>"; };
		3389165F2BFFC80500C5B75E /* Alert.swift */ = {isa = PBXFileReference; fileEncoding = 4; lastKnownFileType = sourcecode.swift; path = Alert.swift; sourceTree = "<group>"; };
		33A0B9EC2C060A970024761F /* TabBarViewController.swift */ = {isa = PBXFileReference; lastKnownFileType = sourcecode.swift; path = TabBarViewController.swift; sourceTree = "<group>"; };
		33A0B9EF2C06819B0024761F /* MoviesViewTableViewCell.swift */ = {isa = PBXFileReference; lastKnownFileType = sourcecode.swift; path = MoviesViewTableViewCell.swift; sourceTree = "<group>"; };
		33A0B9F22C06893E0024761F /* MovieCellScreen.swift */ = {isa = PBXFileReference; lastKnownFileType = sourcecode.swift; path = MovieCellScreen.swift; sourceTree = "<group>"; };
		33A0B9F52C0A17D70024761F /* Movie.swift */ = {isa = PBXFileReference; lastKnownFileType = sourcecode.swift; path = Movie.swift; sourceTree = "<group>"; };
		33A4C4A62BEE71930035F540 /* RegisterViewController.swift */ = {isa = PBXFileReference; lastKnownFileType = sourcecode.swift; path = RegisterViewController.swift; sourceTree = "<group>"; };
		33A4C4A82BEE71AB0035F540 /* RegisterScreen.swift */ = {isa = PBXFileReference; lastKnownFileType = sourcecode.swift; path = RegisterScreen.swift; sourceTree = "<group>"; };
		33A658E22C0FA7D600A60536 /* MenuViewController.swift */ = {isa = PBXFileReference; lastKnownFileType = sourcecode.swift; path = MenuViewController.swift; sourceTree = "<group>"; };
		33A658E52C0FA82800A60536 /* MenuScreen.swift */ = {isa = PBXFileReference; lastKnownFileType = sourcecode.swift; path = MenuScreen.swift; sourceTree = "<group>"; };
		33B2DE462BEABAFB00A8D32A /* LoginScreen.swift */ = {isa = PBXFileReference; lastKnownFileType = sourcecode.swift; path = LoginScreen.swift; sourceTree = "<group>"; };
		33B2DE492BEABB4700A8D32A /* LoginViewController.swift */ = {isa = PBXFileReference; lastKnownFileType = sourcecode.swift; path = LoginViewController.swift; sourceTree = "<group>"; };
		33B68A922BEA5E9A004E51B5 /* Cinetopia.app */ = {isa = PBXFileReference; explicitFileType = wrapper.application; includeInIndex = 0; path = Cinetopia.app; sourceTree = BUILT_PRODUCTS_DIR; };
		33B68A952BEA5E9A004E51B5 /* AppDelegate.swift */ = {isa = PBXFileReference; lastKnownFileType = sourcecode.swift; path = AppDelegate.swift; sourceTree = "<group>"; };
		33B68A972BEA5E9A004E51B5 /* SceneDelegate.swift */ = {isa = PBXFileReference; lastKnownFileType = sourcecode.swift; path = SceneDelegate.swift; sourceTree = "<group>"; };
		33B68A9E2BEA5E9C004E51B5 /* Assets.xcassets */ = {isa = PBXFileReference; lastKnownFileType = folder.assetcatalog; path = Assets.xcassets; sourceTree = "<group>"; };
		33B68AA12BEA5E9C004E51B5 /* Base */ = {isa = PBXFileReference; lastKnownFileType = file.storyboard; name = Base; path = Base.lproj/LaunchScreen.storyboard; sourceTree = "<group>"; };
		33B68AA32BEA5E9C004E51B5 /* Info.plist */ = {isa = PBXFileReference; lastKnownFileType = text.plist.xml; path = Info.plist; sourceTree = "<group>"; };
		33B68AAA2BEA79BF004E51B5 /* SplashViewController.swift */ = {isa = PBXFileReference; lastKnownFileType = sourcecode.swift; path = SplashViewController.swift; sourceTree = "<group>"; };
		33B68AAD2BEA79FA004E51B5 /* SplashScreen.swift */ = {isa = PBXFileReference; lastKnownFileType = sourcecode.swift; path = SplashScreen.swift; sourceTree = "<group>"; };
		33FCB7082C05157400ECF113 /* HomeViewController.swift */ = {isa = PBXFileReference; lastKnownFileType = sourcecode.swift; path = HomeViewController.swift; sourceTree = "<group>"; };
		33FCB70A2C05159100ECF113 /* HomeScreen.swift */ = {isa = PBXFileReference; lastKnownFileType = sourcecode.swift; path = HomeScreen.swift; sourceTree = "<group>"; };
		899F6E45B340B5A3B2583056 /* Pods_Cinetopia.framework */ = {isa = PBXFileReference; explicitFileType = wrapper.framework; includeInIndex = 0; path = Pods_Cinetopia.framework; sourceTree = BUILT_PRODUCTS_DIR; };
		D91FC565BC7D093077F570D0 /* Pods-Cinetopia.release.xcconfig */ = {isa = PBXFileReference; includeInIndex = 1; lastKnownFileType = text.xcconfig; name = "Pods-Cinetopia.release.xcconfig"; path = "Target Support Files/Pods-Cinetopia/Pods-Cinetopia.release.xcconfig"; sourceTree = "<group>"; };
/* End PBXFileReference section */

/* Begin PBXFrameworksBuildPhase section */
		33B68A8F2BEA5E9A004E51B5 /* Frameworks */ = {
			isa = PBXFrameworksBuildPhase;
			buildActionMask = 2147483647;
			files = (
				50A45886FAB8490CC79F822B /* Pods_Cinetopia.framework in Frameworks */,
			);
			runOnlyForDeploymentPostprocessing = 0;
		};
/* End PBXFrameworksBuildPhase section */

/* Begin PBXGroup section */
		337797872C122FA500E661E5 /* MenuCell */ = {
			isa = PBXGroup;
			children = (
				337797832C122EB000E661E5 /* MenuTableViewCell.swift */,
				337797852C122F9500E661E5 /* MenuCellScreen.swift */,
			);
			path = MenuCell;
			sourceTree = "<group>";
		};
		3389165E2BFFC7D300C5B75E /* Alert */ = {
			isa = PBXGroup;
			children = (
				3389165F2BFFC80500C5B75E /* Alert.swift */,
			);
			path = Alert;
			sourceTree = "<group>";
		};
		33A0B9EB2C060A570024761F /* TabBar */ = {
			isa = PBXGroup;
			children = (
				33A0B9EC2C060A970024761F /* TabBarViewController.swift */,
			);
			path = TabBar;
			sourceTree = "<group>";
		};
		33A0B9EE2C0681570024761F /* MovieCell */ = {
			isa = PBXGroup;
			children = (
				33A0B9EF2C06819B0024761F /* MoviesViewTableViewCell.swift */,
			);
			path = MovieCell;
			sourceTree = "<group>";
		};
		33A0B9F12C0689170024761F /* CustomView */ = {
			isa = PBXGroup;
			children = (
				33A0B9F22C06893E0024761F /* MovieCellScreen.swift */,
			);
			path = CustomView;
			sourceTree = "<group>";
		};
		33A0B9F42C0A17BA0024761F /* Models */ = {
			isa = PBXGroup;
			children = (
				33A0B9F52C0A17D70024761F /* Movie.swift */,
				337797882C1233A800E661E5 /* Menu.swift */,
			);
			path = Models;
			sourceTree = "<group>";
		};
		33A4C4A42BEE716C0035F540 /* Register */ = {
			isa = PBXGroup;
			children = (
				33A4C4A62BEE71930035F540 /* RegisterViewController.swift */,
				33A4C4A52BEE717F0035F540 /* RegisterScreen */,
			);
			path = Register;
			sourceTree = "<group>";
		};
		33A4C4A52BEE717F0035F540 /* RegisterScreen */ = {
			isa = PBXGroup;
			children = (
				33A4C4A82BEE71AB0035F540 /* RegisterScreen.swift */,
			);
			path = RegisterScreen;
			sourceTree = "<group>";
		};
		33A658E12C0FA7AA00A60536 /* Perfil */ = {
			isa = PBXGroup;
			children = (
				33A658E22C0FA7D600A60536 /* MenuViewController.swift */,
				33A658E42C0FA7EF00A60536 /* PerfilScreen */,
				337797872C122FA500E661E5 /* MenuCell */,
			);
			path = Perfil;
			sourceTree = "<group>";
		};
		33A658E42C0FA7EF00A60536 /* PerfilScreen */ = {
			isa = PBXGroup;
			children = (
				33A658E52C0FA82800A60536 /* MenuScreen.swift */,
			);
			path = PerfilScreen;
			sourceTree = "<group>";
		};
		33B2DE452BEABAE900A8D32A /* Login */ = {
			isa = PBXGroup;
			children = (
				33B2DE492BEABB4700A8D32A /* LoginViewController.swift */,
				33B2DE482BEABB0400A8D32A /* LoginScreen */,
			);
			path = Login;
			sourceTree = "<group>";
		};
		33B2DE482BEABB0400A8D32A /* LoginScreen */ = {
			isa = PBXGroup;
			children = (
				33B2DE462BEABAFB00A8D32A /* LoginScreen.swift */,
			);
			path = LoginScreen;
			sourceTree = "<group>";
		};
		33B68A892BEA5E9A004E51B5 = {
			isa = PBXGroup;
			children = (
				33B68A942BEA5E9A004E51B5 /* Cinetopia */,
				33B68A932BEA5E9A004E51B5 /* Products */,
				F9F3E5A2633AF98C0EF87EAF /* Pods */,
				96A76E7116088B2CCE1F943B /* Frameworks */,
			);
			sourceTree = "<group>";
		};
		33B68A932BEA5E9A004E51B5 /* Products */ = {
			isa = PBXGroup;
			children = (
				33B68A922BEA5E9A004E51B5 /* Cinetopia.app */,
			);
			name = Products;
			sourceTree = "<group>";
		};
		33B68A942BEA5E9A004E51B5 /* Cinetopia */ = {
			isa = PBXGroup;
			children = (
				33A0B9F42C0A17BA0024761F /* Models */,
				33A0B9EB2C060A570024761F /* TabBar */,
				3389165E2BFFC7D300C5B75E /* Alert */,
				33A0B9F12C0689170024761F /* CustomView */,
				33A0B9EE2C0681570024761F /* MovieCell */,
				33A658E12C0FA7AA00A60536 /* Perfil */,
				33FCB7072C05152000ECF113 /* Home */,
				33A4C4A42BEE716C0035F540 /* Register */,
				33B2DE452BEABAE900A8D32A /* Login */,
				33B68AA92BEA798C004E51B5 /* Splash */,
				33B68A952BEA5E9A004E51B5 /* AppDelegate.swift */,
				33B68A972BEA5E9A004E51B5 /* SceneDelegate.swift */,
				33096C3D2BF2BDAD00F5D5E6 /* GoogleService-Info.plist */,
				33B68A9E2BEA5E9C004E51B5 /* Assets.xcassets */,
				33B68AA02BEA5E9C004E51B5 /* LaunchScreen.storyboard */,
				33B68AA32BEA5E9C004E51B5 /* Info.plist */,
			);
			path = Cinetopia;
			sourceTree = "<group>";
		};
		33B68AA92BEA798C004E51B5 /* Splash */ = {
			isa = PBXGroup;
			children = (
				33B68AAA2BEA79BF004E51B5 /* SplashViewController.swift */,
				33B68AAC2BEA79D2004E51B5 /* SplashScreen */,
			);
			path = Splash;
			sourceTree = "<group>";
		};
		33B68AAC2BEA79D2004E51B5 /* SplashScreen */ = {
			isa = PBXGroup;
			children = (
				33B68AAD2BEA79FA004E51B5 /* SplashScreen.swift */,
			);
			path = SplashScreen;
			sourceTree = "<group>";
		};
		33FCB7072C05152000ECF113 /* Home */ = {
			isa = PBXGroup;
			children = (
				33FCB7082C05157400ECF113 /* HomeViewController.swift */,
				33FCB70C2C05159800ECF113 /* HomeScreen */,
			);
			path = Home;
			sourceTree = "<group>";
		};
		33FCB70C2C05159800ECF113 /* HomeScreen */ = {
			isa = PBXGroup;
			children = (
				33FCB70A2C05159100ECF113 /* HomeScreen.swift */,
			);
			path = HomeScreen;
			sourceTree = "<group>";
		};
		96A76E7116088B2CCE1F943B /* Frameworks */ = {
			isa = PBXGroup;
			children = (
				899F6E45B340B5A3B2583056 /* Pods_Cinetopia.framework */,
			);
			name = Frameworks;
			sourceTree = "<group>";
		};
		F9F3E5A2633AF98C0EF87EAF /* Pods */ = {
			isa = PBXGroup;
			children = (
				131E9679691F9F810DDE6ED6 /* Pods-Cinetopia.debug.xcconfig */,
				D91FC565BC7D093077F570D0 /* Pods-Cinetopia.release.xcconfig */,
			);
			path = Pods;
			sourceTree = "<group>";
		};
/* End PBXGroup section */

/* Begin PBXNativeTarget section */
		33B68A912BEA5E9A004E51B5 /* Cinetopia */ = {
			isa = PBXNativeTarget;
			buildConfigurationList = 33B68AA62BEA5E9C004E51B5 /* Build configuration list for PBXNativeTarget "Cinetopia" */;
			buildPhases = (
				730787A658F3A332101F924B /* [CP] Check Pods Manifest.lock */,
				33B68A8E2BEA5E9A004E51B5 /* Sources */,
				33B68A8F2BEA5E9A004E51B5 /* Frameworks */,
				33B68A902BEA5E9A004E51B5 /* Resources */,
				58965385A37DF0D70B570F5F /* [CP] Embed Pods Frameworks */,
			);
			buildRules = (
			);
			dependencies = (
			);
			name = Cinetopia;
			productName = Cinetopia;
			productReference = 33B68A922BEA5E9A004E51B5 /* Cinetopia.app */;
			productType = "com.apple.product-type.application";
		};
/* End PBXNativeTarget section */

/* Begin PBXProject section */
		33B68A8A2BEA5E9A004E51B5 /* Project object */ = {
			isa = PBXProject;
			attributes = {
				BuildIndependentTargetsInParallel = 1;
				LastSwiftUpdateCheck = 1410;
				LastUpgradeCheck = 1410;
				TargetAttributes = {
					33B68A912BEA5E9A004E51B5 = {
						CreatedOnToolsVersion = 14.1;
					};
				};
			};
			buildConfigurationList = 33B68A8D2BEA5E9A004E51B5 /* Build configuration list for PBXProject "Cinetopia" */;
			compatibilityVersion = "Xcode 14.0";
			developmentRegion = en;
			hasScannedForEncodings = 0;
			knownRegions = (
				en,
				Base,
			);
			mainGroup = 33B68A892BEA5E9A004E51B5;
			productRefGroup = 33B68A932BEA5E9A004E51B5 /* Products */;
			projectDirPath = "";
			projectRoot = "";
			targets = (
				33B68A912BEA5E9A004E51B5 /* Cinetopia */,
			);
		};
/* End PBXProject section */

/* Begin PBXResourcesBuildPhase section */
		33B68A902BEA5E9A004E51B5 /* Resources */ = {
			isa = PBXResourcesBuildPhase;
			buildActionMask = 2147483647;
			files = (
				33B68AA22BEA5E9C004E51B5 /* LaunchScreen.storyboard in Resources */,
				33B68A9F2BEA5E9C004E51B5 /* Assets.xcassets in Resources */,
				33096C3E2BF2BDAD00F5D5E6 /* GoogleService-Info.plist in Resources */,
			);
			runOnlyForDeploymentPostprocessing = 0;
		};
/* End PBXResourcesBuildPhase section */

/* Begin PBXShellScriptBuildPhase section */
		58965385A37DF0D70B570F5F /* [CP] Embed Pods Frameworks */ = {
			isa = PBXShellScriptBuildPhase;
			buildActionMask = 2147483647;
			files = (
			);
			inputFileListPaths = (
				"${PODS_ROOT}/Target Support Files/Pods-Cinetopia/Pods-Cinetopia-frameworks-${CONFIGURATION}-input-files.xcfilelist",
			);
			name = "[CP] Embed Pods Frameworks";
			outputFileListPaths = (
				"${PODS_ROOT}/Target Support Files/Pods-Cinetopia/Pods-Cinetopia-frameworks-${CONFIGURATION}-output-files.xcfilelist",
			);
			runOnlyForDeploymentPostprocessing = 0;
			shellPath = /bin/sh;
			shellScript = "\"${PODS_ROOT}/Target Support Files/Pods-Cinetopia/Pods-Cinetopia-frameworks.sh\"\n";
			showEnvVarsInLog = 0;
		};
		730787A658F3A332101F924B /* [CP] Check Pods Manifest.lock */ = {
			isa = PBXShellScriptBuildPhase;
			buildActionMask = 2147483647;
			files = (
			);
			inputFileListPaths = (
			);
			inputPaths = (
				"${PODS_PODFILE_DIR_PATH}/Podfile.lock",
				"${PODS_ROOT}/Manifest.lock",
			);
			name = "[CP] Check Pods Manifest.lock";
			outputFileListPaths = (
			);
			outputPaths = (
				"$(DERIVED_FILE_DIR)/Pods-Cinetopia-checkManifestLockResult.txt",
			);
			runOnlyForDeploymentPostprocessing = 0;
			shellPath = /bin/sh;
			shellScript = "diff \"${PODS_PODFILE_DIR_PATH}/Podfile.lock\" \"${PODS_ROOT}/Manifest.lock\" > /dev/null\nif [ $? != 0 ] ; then\n    # print error to STDERR\n    echo \"error: The sandbox is not in sync with the Podfile.lock. Run 'pod install' or update your CocoaPods installation.\" >&2\n    exit 1\nfi\n# This output is used by Xcode 'outputs' to avoid re-running this script phase.\necho \"SUCCESS\" > \"${SCRIPT_OUTPUT_FILE_0}\"\n";
			showEnvVarsInLog = 0;
		};
/* End PBXShellScriptBuildPhase section */

/* Begin PBXSourcesBuildPhase section */
		33B68A8E2BEA5E9A004E51B5 /* Sources */ = {
			isa = PBXSourcesBuildPhase;
			buildActionMask = 2147483647;
			files = (
				338916602BFFC80500C5B75E /* Alert.swift in Sources */,
				33B2DE4A2BEABB4700A8D32A /* LoginViewController.swift in Sources */,
				33B68AAE2BEA79FA004E51B5 /* SplashScreen.swift in Sources */,
				33A658E62C0FA82800A60536 /* MenuScreen.swift in Sources */,
				33A4C4A72BEE71930035F540 /* RegisterViewController.swift in Sources */,
				33A0B9ED2C060A970024761F /* TabBarViewController.swift in Sources */,
				33FCB70B2C05159100ECF113 /* HomeScreen.swift in Sources */,
				33A658E32C0FA7D600A60536 /* MenuViewController.swift in Sources */,
				33B68A962BEA5E9A004E51B5 /* AppDelegate.swift in Sources */,
				33FCB7092C05157400ECF113 /* HomeViewController.swift in Sources */,
				33A4C4A92BEE71AB0035F540 /* RegisterScreen.swift in Sources */,
				33B68A982BEA5E9A004E51B5 /* SceneDelegate.swift in Sources */,
				33B68AAB2BEA79BF004E51B5 /* SplashViewController.swift in Sources */,
				33B2DE472BEABAFB00A8D32A /* LoginScreen.swift in Sources */,
				337797892C1233A800E661E5 /* Menu.swift in Sources */,
				337797862C122F9500E661E5 /* MenuCellScreen.swift in Sources */,
				337797842C122EB000E661E5 /* MenuTableViewCell.swift in Sources */,
				33A0B9F32C06893E0024761F /* MovieCellScreen.swift in Sources */,
				33A0B9F02C06819B0024761F /* MoviesViewTableViewCell.swift in Sources */,
				33A0B9F62C0A17D70024761F /* Movie.swift in Sources */,
			);
			runOnlyForDeploymentPostprocessing = 0;
		};
/* End PBXSourcesBuildPhase section */

/* Begin PBXVariantGroup section */
		33B68AA02BEA5E9C004E51B5 /* LaunchScreen.storyboard */ = {
			isa = PBXVariantGroup;
			children = (
				33B68AA12BEA5E9C004E51B5 /* Base */,
			);
			name = LaunchScreen.storyboard;
			sourceTree = "<group>";
		};
/* End PBXVariantGroup section */

/* Begin XCBuildConfiguration section */
		33B68AA42BEA5E9C004E51B5 /* Debug */ = {
			isa = XCBuildConfiguration;
			buildSettings = {
				ALWAYS_SEARCH_USER_PATHS = NO;
				CLANG_ANALYZER_NONNULL = YES;
				CLANG_ANALYZER_NUMBER_OBJECT_CONVERSION = YES_AGGRESSIVE;
				CLANG_CXX_LANGUAGE_STANDARD = "gnu++20";
				CLANG_ENABLE_MODULES = YES;
				CLANG_ENABLE_OBJC_ARC = YES;
				CLANG_ENABLE_OBJC_WEAK = YES;
				CLANG_WARN_BLOCK_CAPTURE_AUTORELEASING = YES;
				CLANG_WARN_BOOL_CONVERSION = YES;
				CLANG_WARN_COMMA = YES;
				CLANG_WARN_CONSTANT_CONVERSION = YES;
				CLANG_WARN_DEPRECATED_OBJC_IMPLEMENTATIONS = YES;
				CLANG_WARN_DIRECT_OBJC_ISA_USAGE = YES_ERROR;
				CLANG_WARN_DOCUMENTATION_COMMENTS = YES;
				CLANG_WARN_EMPTY_BODY = YES;
				CLANG_WARN_ENUM_CONVERSION = YES;
				CLANG_WARN_INFINITE_RECURSION = YES;
				CLANG_WARN_INT_CONVERSION = YES;
				CLANG_WARN_NON_LITERAL_NULL_CONVERSION = YES;
				CLANG_WARN_OBJC_IMPLICIT_RETAIN_SELF = YES;
				CLANG_WARN_OBJC_LITERAL_CONVERSION = YES;
				CLANG_WARN_OBJC_ROOT_CLASS = YES_ERROR;
				CLANG_WARN_QUOTED_INCLUDE_IN_FRAMEWORK_HEADER = YES;
				CLANG_WARN_RANGE_LOOP_ANALYSIS = YES;
				CLANG_WARN_STRICT_PROTOTYPES = YES;
				CLANG_WARN_SUSPICIOUS_MOVE = YES;
				CLANG_WARN_UNGUARDED_AVAILABILITY = YES_AGGRESSIVE;
				CLANG_WARN_UNREACHABLE_CODE = YES;
				CLANG_WARN__DUPLICATE_METHOD_MATCH = YES;
				COPY_PHASE_STRIP = NO;
				DEBUG_INFORMATION_FORMAT = dwarf;
				ENABLE_STRICT_OBJC_MSGSEND = YES;
				ENABLE_TESTABILITY = YES;
				GCC_C_LANGUAGE_STANDARD = gnu11;
				GCC_DYNAMIC_NO_PIC = NO;
				GCC_NO_COMMON_BLOCKS = YES;
				GCC_OPTIMIZATION_LEVEL = 0;
				GCC_PREPROCESSOR_DEFINITIONS = (
					"DEBUG=1",
					"$(inherited)",
				);
				GCC_WARN_64_TO_32_BIT_CONVERSION = YES;
				GCC_WARN_ABOUT_RETURN_TYPE = YES_ERROR;
				GCC_WARN_UNDECLARED_SELECTOR = YES;
				GCC_WARN_UNINITIALIZED_AUTOS = YES_AGGRESSIVE;
				GCC_WARN_UNUSED_FUNCTION = YES;
				GCC_WARN_UNUSED_VARIABLE = YES;
				IPHONEOS_DEPLOYMENT_TARGET = 16.1;
				MTL_ENABLE_DEBUG_INFO = INCLUDE_SOURCE;
				MTL_FAST_MATH = YES;
				ONLY_ACTIVE_ARCH = YES;
				SDKROOT = iphoneos;
				SWIFT_ACTIVE_COMPILATION_CONDITIONS = DEBUG;
				SWIFT_OPTIMIZATION_LEVEL = "-Onone";
			};
			name = Debug;
		};
		33B68AA52BEA5E9C004E51B5 /* Release */ = {
			isa = XCBuildConfiguration;
			buildSettings = {
				ALWAYS_SEARCH_USER_PATHS = NO;
				CLANG_ANALYZER_NONNULL = YES;
				CLANG_ANALYZER_NUMBER_OBJECT_CONVERSION = YES_AGGRESSIVE;
				CLANG_CXX_LANGUAGE_STANDARD = "gnu++20";
				CLANG_ENABLE_MODULES = YES;
				CLANG_ENABLE_OBJC_ARC = YES;
				CLANG_ENABLE_OBJC_WEAK = YES;
				CLANG_WARN_BLOCK_CAPTURE_AUTORELEASING = YES;
				CLANG_WARN_BOOL_CONVERSION = YES;
				CLANG_WARN_COMMA = YES;
				CLANG_WARN_CONSTANT_CONVERSION = YES;
				CLANG_WARN_DEPRECATED_OBJC_IMPLEMENTATIONS = YES;
				CLANG_WARN_DIRECT_OBJC_ISA_USAGE = YES_ERROR;
				CLANG_WARN_DOCUMENTATION_COMMENTS = YES;
				CLANG_WARN_EMPTY_BODY = YES;
				CLANG_WARN_ENUM_CONVERSION = YES;
				CLANG_WARN_INFINITE_RECURSION = YES;
				CLANG_WARN_INT_CONVERSION = YES;
				CLANG_WARN_NON_LITERAL_NULL_CONVERSION = YES;
				CLANG_WARN_OBJC_IMPLICIT_RETAIN_SELF = YES;
				CLANG_WARN_OBJC_LITERAL_CONVERSION = YES;
				CLANG_WARN_OBJC_ROOT_CLASS = YES_ERROR;
				CLANG_WARN_QUOTED_INCLUDE_IN_FRAMEWORK_HEADER = YES;
				CLANG_WARN_RANGE_LOOP_ANALYSIS = YES;
				CLANG_WARN_STRICT_PROTOTYPES = YES;
				CLANG_WARN_SUSPICIOUS_MOVE = YES;
				CLANG_WARN_UNGUARDED_AVAILABILITY = YES_AGGRESSIVE;
				CLANG_WARN_UNREACHABLE_CODE = YES;
				CLANG_WARN__DUPLICATE_METHOD_MATCH = YES;
				COPY_PHASE_STRIP = NO;
				DEBUG_INFORMATION_FORMAT = "dwarf-with-dsym";
				ENABLE_NS_ASSERTIONS = NO;
				ENABLE_STRICT_OBJC_MSGSEND = YES;
				GCC_C_LANGUAGE_STANDARD = gnu11;
				GCC_NO_COMMON_BLOCKS = YES;
				GCC_WARN_64_TO_32_BIT_CONVERSION = YES;
				GCC_WARN_ABOUT_RETURN_TYPE = YES_ERROR;
				GCC_WARN_UNDECLARED_SELECTOR = YES;
				GCC_WARN_UNINITIALIZED_AUTOS = YES_AGGRESSIVE;
				GCC_WARN_UNUSED_FUNCTION = YES;
				GCC_WARN_UNUSED_VARIABLE = YES;
				IPHONEOS_DEPLOYMENT_TARGET = 16.1;
				MTL_ENABLE_DEBUG_INFO = NO;
				MTL_FAST_MATH = YES;
				SDKROOT = iphoneos;
				SWIFT_COMPILATION_MODE = wholemodule;
				SWIFT_OPTIMIZATION_LEVEL = "-O";
				VALIDATE_PRODUCT = YES;
			};
			name = Release;
		};
		33B68AA72BEA5E9C004E51B5 /* Debug */ = {
			isa = XCBuildConfiguration;
			baseConfigurationReference = 131E9679691F9F810DDE6ED6 /* Pods-Cinetopia.debug.xcconfig */;
			buildSettings = {
				ASSETCATALOG_COMPILER_APPICON_NAME = AppIcon;
				ASSETCATALOG_COMPILER_GLOBAL_ACCENT_COLOR_NAME = AccentColor;
				CODE_SIGN_STYLE = Automatic;
				CURRENT_PROJECT_VERSION = 1;
				GENERATE_INFOPLIST_FILE = YES;
				INFOPLIST_FILE = Cinetopia/Info.plist;
				INFOPLIST_KEY_UIApplicationSupportsIndirectInputEvents = YES;
				INFOPLIST_KEY_UILaunchStoryboardName = LaunchScreen;
				INFOPLIST_KEY_UISupportedInterfaceOrientations = UIInterfaceOrientationPortrait;
				INFOPLIST_KEY_UISupportedInterfaceOrientations_iPad = "UIInterfaceOrientationLandscapeLeft UIInterfaceOrientationLandscapeRight UIInterfaceOrientationPortrait UIInterfaceOrientationPortraitUpsideDown";
				LD_RUNPATH_SEARCH_PATHS = (
					"$(inherited)",
					"@executable_path/Frameworks",
				);
				MARKETING_VERSION = 1.0;
				PRODUCT_BUNDLE_IDENTIFIER = CompanyFontsi.Cinetopia;
				PRODUCT_NAME = "$(TARGET_NAME)";
				SUPPORTED_PLATFORMS = "iphoneos iphonesimulator";
				SUPPORTS_MACCATALYST = NO;
				SUPPORTS_MAC_DESIGNED_FOR_IPHONE_IPAD = NO;
				SWIFT_EMIT_LOC_STRINGS = YES;
				SWIFT_VERSION = 5.0;
				TARGETED_DEVICE_FAMILY = 1;
			};
			name = Debug;
		};
		33B68AA82BEA5E9C004E51B5 /* Release */ = {
			isa = XCBuildConfiguration;
			baseConfigurationReference = D91FC565BC7D093077F570D0 /* Pods-Cinetopia.release.xcconfig */;
			buildSettings = {
				ASSETCATALOG_COMPILER_APPICON_NAME = AppIcon;
				ASSETCATALOG_COMPILER_GLOBAL_ACCENT_COLOR_NAME = AccentColor;
				CODE_SIGN_STYLE = Automatic;
				CURRENT_PROJECT_VERSION = 1;
				GENERATE_INFOPLIST_FILE = YES;
				INFOPLIST_FILE = Cinetopia/Info.plist;
				INFOPLIST_KEY_UIApplicationSupportsIndirectInputEvents = YES;
				INFOPLIST_KEY_UILaunchStoryboardName = LaunchScreen;
				INFOPLIST_KEY_UISupportedInterfaceOrientations = UIInterfaceOrientationPortrait;
				INFOPLIST_KEY_UISupportedInterfaceOrientations_iPad = "UIInterfaceOrientationLandscapeLeft UIInterfaceOrientationLandscapeRight UIInterfaceOrientationPortrait UIInterfaceOrientationPortraitUpsideDown";
				LD_RUNPATH_SEARCH_PATHS = (
					"$(inherited)",
					"@executable_path/Frameworks",
				);
				MARKETING_VERSION = 1.0;
				PRODUCT_BUNDLE_IDENTIFIER = CompanyFontsi.Cinetopia;
				PRODUCT_NAME = "$(TARGET_NAME)";
				SUPPORTED_PLATFORMS = "iphoneos iphonesimulator";
				SUPPORTS_MACCATALYST = NO;
				SUPPORTS_MAC_DESIGNED_FOR_IPHONE_IPAD = NO;
				SWIFT_EMIT_LOC_STRINGS = YES;
				SWIFT_VERSION = 5.0;
				TARGETED_DEVICE_FAMILY = 1;
			};
			name = Release;
		};
/* End XCBuildConfiguration section */

/* Begin XCConfigurationList section */
		33B68A8D2BEA5E9A004E51B5 /* Build configuration list for PBXProject "Cinetopia" */ = {
			isa = XCConfigurationList;
			buildConfigurations = (
				33B68AA42BEA5E9C004E51B5 /* Debug */,
				33B68AA52BEA5E9C004E51B5 /* Release */,
			);
			defaultConfigurationIsVisible = 0;
			defaultConfigurationName = Release;
		};
		33B68AA62BEA5E9C004E51B5 /* Build configuration list for PBXNativeTarget "Cinetopia" */ = {
			isa = XCConfigurationList;
			buildConfigurations = (
				33B68AA72BEA5E9C004E51B5 /* Debug */,
				33B68AA82BEA5E9C004E51B5 /* Release */,
			);
			defaultConfigurationIsVisible = 0;
			defaultConfigurationName = Release;
		};
/* End XCConfigurationList section */
	};
	rootObject = 33B68A8A2BEA5E9A004E51B5 /* Project object */;
}
